// !$*UTF8*$!
{
	archiveVersion = 1;
	classes = {
	};
	objectVersion = 55;
	objects = {

/* Begin PBXBuildFile section */
		B15C97612E386597003306EB /* myMuseApp.swift in Sources */ = {isa = PBXBuildFile; fileRef = B15C975F2E386597003306EB /* myMuseApp.swift */; };
		B15C97652E3865B3003306EB /* CloudKitManager.swift in Sources */ = {isa = PBXBuildFile; fileRef = B15C97622E3865B3003306EB /* CloudKitManager.swift */; };
		B15C97662E3865B3003306EB /* ColorsManager.swift in Sources */ = {isa = PBXBuildFile; fileRef = B15C97632E3865B3003306EB /* ColorsManager.swift */; };
		B15C977C2E3865CF003306EB /* HeaderView.swift in Sources */ = {isa = PBXBuildFile; fileRef = B15C976D2E3865CF003306EB /* HeaderView.swift */; };
		B15C977D2E3865CF003306EB /* NavBarView.swift in Sources */ = {isa = PBXBuildFile; fileRef = B15C976E2E3865CF003306EB /* NavBarView.swift */; };
		B15C977E2E3865CF003306EB /* ProfileImageView.swift in Sources */ = {isa = PBXBuildFile; fileRef = B15C976F2E3865CF003306EB /* ProfileImageView.swift */; };
		B15C977F2E3865CF003306EB /* ContentView.swift in Sources */ = {isa = PBXBuildFile; fileRef = B15C97712E3865CF003306EB /* ContentView.swift */; };
		B15C97802E3865CF003306EB /* PostListView.swift in Sources */ = {isa = PBXBuildFile; fileRef = B15C97732E3865CF003306EB /* PostListView.swift */; };
		B15C97812E3865CF003306EB /* PostView.swift in Sources */ = {isa = PBXBuildFile; fileRef = B15C97742E3865CF003306EB /* PostView.swift */; };
		B15C97822E3865CF003306EB /* PromptView.swift in Sources */ = {isa = PBXBuildFile; fileRef = B15C97752E3865CF003306EB /* PromptView.swift */; };
		B15C97832E3865CF003306EB /* WritePostView.swift in Sources */ = {isa = PBXBuildFile; fileRef = B15C97762E3865CF003306EB /* WritePostView.swift */; };
		B15C97842E3865CF003306EB /* SignInView.swift in Sources */ = {isa = PBXBuildFile; fileRef = B15C97782E3865CF003306EB /* SignInView.swift */; };
		B15C97852E3865CF003306EB /* UserProfileView.swift in Sources */ = {isa = PBXBuildFile; fileRef = B15C97792E3865CF003306EB /* UserProfileView.swift */; };
		FE07F0D62AFEF8920030130B /* PostStruct.swift in Sources */ = {isa = PBXBuildFile; fileRef = FE07F0D52AFEF8920030130B /* PostStruct.swift */; };
		FE07F0D82AFEFDC80030130B /* Model.swift in Sources */ = {isa = PBXBuildFile; fileRef = FE07F0D72AFEFDC80030130B /* Model.swift */; };
		FE1956ED2AEB8284005DF101 /* database.swift in Sources */ = {isa = PBXBuildFile; fileRef = FE1956EC2AEB8284005DF101 /* database.swift */; };
		FE2946E82ADB85C300FE2EEF /* CloudKit.framework in Frameworks */ = {isa = PBXBuildFile; fileRef = FE2946E72ADB85C300FE2EEF /* CloudKit.framework */; };
		FE7C9B0C2AD0B139004A134C /* Assets.xcassets in Resources */ = {isa = PBXBuildFile; fileRef = FE7C9B0B2AD0B139004A134C /* Assets.xcassets */; };
		FE7C9B0F2AD0B139004A134C /* Preview Assets.xcassets in Resources */ = {isa = PBXBuildFile; fileRef = FE7C9B0E2AD0B139004A134C /* Preview Assets.xcassets */; };
		FE7C9B192AD0B13A004A134C /* myMuseTests.swift in Sources */ = {isa = PBXBuildFile; fileRef = FE7C9B182AD0B13A004A134C /* myMuseTests.swift */; };
		FE7C9B232AD0B13A004A134C /* myMuseUITests.swift in Sources */ = {isa = PBXBuildFile; fileRef = FE7C9B222AD0B13A004A134C /* myMuseUITests.swift */; };
		FE7C9B252AD0B13A004A134C /* myMuseUITestsLaunchTests.swift in Sources */ = {isa = PBXBuildFile; fileRef = FE7C9B242AD0B13A004A134C /* myMuseUITestsLaunchTests.swift */; };
		FEBE966C2C2F4F7D00D02ECD /* workbook.swift in Sources */ = {isa = PBXBuildFile; fileRef = FEBE966B2C2F4F7D00D02ECD /* workbook.swift */; };
/* End PBXBuildFile section */

/* Begin PBXContainerItemProxy section */
		FE7C9B152AD0B13A004A134C /* PBXContainerItemProxy */ = {
			isa = PBXContainerItemProxy;
			containerPortal = FE7C9AFC2AD0B137004A134C /* Project object */;
			proxyType = 1;
			remoteGlobalIDString = FE7C9B032AD0B137004A134C;
			remoteInfo = myMuse;
		};
		FE7C9B1F2AD0B13A004A134C /* PBXContainerItemProxy */ = {
			isa = PBXContainerItemProxy;
			containerPortal = FE7C9AFC2AD0B137004A134C /* Project object */;
			proxyType = 1;
			remoteGlobalIDString = FE7C9B032AD0B137004A134C;
			remoteInfo = myMuse;
		};
/* End PBXContainerItemProxy section */

/* Begin PBXFileReference section */
		B15C975F2E386597003306EB /* myMuseApp.swift */ = {isa = PBXFileReference; fileEncoding = 4; lastKnownFileType = sourcecode.swift; path = myMuseApp.swift; sourceTree = "<group>"; };
		B15C97622E3865B3003306EB /* CloudKitManager.swift */ = {isa = PBXFileReference; fileEncoding = 4; lastKnownFileType = sourcecode.swift; path = CloudKitManager.swift; sourceTree = "<group>"; };
		B15C97632E3865B3003306EB /* ColorsManager.swift */ = {isa = PBXFileReference; fileEncoding = 4; lastKnownFileType = sourcecode.swift; path = ColorsManager.swift; sourceTree = "<group>"; };
		B15C976D2E3865CF003306EB /* HeaderView.swift */ = {isa = PBXFileReference; fileEncoding = 4; lastKnownFileType = sourcecode.swift; path = HeaderView.swift; sourceTree = "<group>"; };
		B15C976E2E3865CF003306EB /* NavBarView.swift */ = {isa = PBXFileReference; fileEncoding = 4; lastKnownFileType = sourcecode.swift; path = NavBarView.swift; sourceTree = "<group>"; };
		B15C976F2E3865CF003306EB /* ProfileImageView.swift */ = {isa = PBXFileReference; fileEncoding = 4; lastKnownFileType = sourcecode.swift; path = ProfileImageView.swift; sourceTree = "<group>"; };
		B15C97712E3865CF003306EB /* ContentView.swift */ = {isa = PBXFileReference; fileEncoding = 4; lastKnownFileType = sourcecode.swift; path = ContentView.swift; sourceTree = "<group>"; };
		B15C97732E3865CF003306EB /* PostListView.swift */ = {isa = PBXFileReference; fileEncoding = 4; lastKnownFileType = sourcecode.swift; path = PostListView.swift; sourceTree = "<group>"; };
		B15C97742E3865CF003306EB /* PostView.swift */ = {isa = PBXFileReference; fileEncoding = 4; lastKnownFileType = sourcecode.swift; path = PostView.swift; sourceTree = "<group>"; };
		B15C97752E3865CF003306EB /* PromptView.swift */ = {isa = PBXFileReference; fileEncoding = 4; lastKnownFileType = sourcecode.swift; path = PromptView.swift; sourceTree = "<group>"; };
		B15C97762E3865CF003306EB /* WritePostView.swift */ = {isa = PBXFileReference; fileEncoding = 4; lastKnownFileType = sourcecode.swift; path = WritePostView.swift; sourceTree = "<group>"; };
		B15C97782E3865CF003306EB /* SignInView.swift */ = {isa = PBXFileReference; fileEncoding = 4; lastKnownFileType = sourcecode.swift; path = SignInView.swift; sourceTree = "<group>"; };
		B15C97792E3865CF003306EB /* UserProfileView.swift */ = {isa = PBXFileReference; fileEncoding = 4; lastKnownFileType = sourcecode.swift; path = UserProfileView.swift; sourceTree = "<group>"; };
		FE07F0D52AFEF8920030130B /* PostStruct.swift */ = {isa = PBXFileReference; lastKnownFileType = sourcecode.swift; path = PostStruct.swift; sourceTree = "<group>"; };
		FE07F0D72AFEFDC80030130B /* Model.swift */ = {isa = PBXFileReference; lastKnownFileType = sourcecode.swift; path = Model.swift; sourceTree = "<group>"; };
		FE1956EC2AEB8284005DF101 /* database.swift */ = {isa = PBXFileReference; lastKnownFileType = sourcecode.swift; path = database.swift; sourceTree = "<group>"; };
		FE2946E52ADB85B800FE2EEF /* myMuse.entitlements */ = {isa = PBXFileReference; lastKnownFileType = text.plist.entitlements; path = myMuse.entitlements; sourceTree = "<group>"; };
		FE2946E72ADB85C300FE2EEF /* CloudKit.framework */ = {isa = PBXFileReference; lastKnownFileType = wrapper.framework; name = CloudKit.framework; path = System/Library/Frameworks/CloudKit.framework; sourceTree = SDKROOT; };
		FE7C9B042AD0B137004A134C /* myMuse.app */ = {isa = PBXFileReference; explicitFileType = wrapper.application; includeInIndex = 0; path = myMuse.app; sourceTree = BUILT_PRODUCTS_DIR; };
		FE7C9B0B2AD0B139004A134C /* Assets.xcassets */ = {isa = PBXFileReference; lastKnownFileType = folder.assetcatalog; path = Assets.xcassets; sourceTree = "<group>"; };
		FE7C9B0E2AD0B139004A134C /* Preview Assets.xcassets */ = {isa = PBXFileReference; lastKnownFileType = folder.assetcatalog; path = "Preview Assets.xcassets"; sourceTree = "<group>"; };
		FE7C9B142AD0B13A004A134C /* myMuseTests.xctest */ = {isa = PBXFileReference; explicitFileType = wrapper.cfbundle; includeInIndex = 0; path = myMuseTests.xctest; sourceTree = BUILT_PRODUCTS_DIR; };
		FE7C9B182AD0B13A004A134C /* myMuseTests.swift */ = {isa = PBXFileReference; lastKnownFileType = sourcecode.swift; path = myMuseTests.swift; sourceTree = "<group>"; };
		FE7C9B1E2AD0B13A004A134C /* myMuseUITests.xctest */ = {isa = PBXFileReference; explicitFileType = wrapper.cfbundle; includeInIndex = 0; path = myMuseUITests.xctest; sourceTree = BUILT_PRODUCTS_DIR; };
		FE7C9B222AD0B13A004A134C /* myMuseUITests.swift */ = {isa = PBXFileReference; lastKnownFileType = sourcecode.swift; path = myMuseUITests.swift; sourceTree = "<group>"; };
		FE7C9B242AD0B13A004A134C /* myMuseUITestsLaunchTests.swift */ = {isa = PBXFileReference; lastKnownFileType = sourcecode.swift; path = myMuseUITestsLaunchTests.swift; sourceTree = "<group>"; };
		FE9C09B62AF6A7980099175A /* Info.plist */ = {isa = PBXFileReference; lastKnownFileType = text.plist; path = Info.plist; sourceTree = "<group>"; };
		FEBE966B2C2F4F7D00D02ECD /* workbook.swift */ = {isa = PBXFileReference; lastKnownFileType = sourcecode.swift; path = workbook.swift; sourceTree = "<group>"; };
/* End PBXFileReference section */

/* Begin PBXFrameworksBuildPhase section */
		FE7C9B012AD0B137004A134C /* Frameworks */ = {
			isa = PBXFrameworksBuildPhase;
			buildActionMask = 2147483647;
			files = (
				FE2946E82ADB85C300FE2EEF /* CloudKit.framework in Frameworks */,
			);
			runOnlyForDeploymentPostprocessing = 0;
		};
		FE7C9B112AD0B13A004A134C /* Frameworks */ = {
			isa = PBXFrameworksBuildPhase;
			buildActionMask = 2147483647;
			files = (
			);
			runOnlyForDeploymentPostprocessing = 0;
		};
		FE7C9B1B2AD0B13A004A134C /* Frameworks */ = {
			isa = PBXFrameworksBuildPhase;
			buildActionMask = 2147483647;
			files = (
			);
			runOnlyForDeploymentPostprocessing = 0;
		};
/* End PBXFrameworksBuildPhase section */

/* Begin PBXGroup section */
		B15C97602E386597003306EB /* App */ = {
			isa = PBXGroup;
			children = (
				B15C975F2E386597003306EB /* myMuseApp.swift */,
			);
			path = App;
			sourceTree = "<group>";
		};
		B15C97642E3865B3003306EB /* Managers */ = {
			isa = PBXGroup;
			children = (
				B15C97622E3865B3003306EB /* CloudKitManager.swift */,
				B15C97632E3865B3003306EB /* ColorsManager.swift */,
			);
			path = Managers;
			sourceTree = "<group>";
		};
		B15C976C2E3865C6003306EB /* ViewModels */ = {
			isa = PBXGroup;
			children = (
			);
			path = ViewModels;
			sourceTree = "<group>";
		};
		B15C97702E3865CF003306EB /* Components */ = {
			isa = PBXGroup;
			children = (
				B15C976D2E3865CF003306EB /* HeaderView.swift */,
				B15C976E2E3865CF003306EB /* NavBarView.swift */,
				B15C976F2E3865CF003306EB /* ProfileImageView.swift */,
			);
			path = Components;
			sourceTree = "<group>";
		};
		B15C97722E3865CF003306EB /* Main */ = {
			isa = PBXGroup;
			children = (
				B15C97712E3865CF003306EB /* ContentView.swift */,
			);
			path = Main;
			sourceTree = "<group>";
		};
		B15C97772E3865CF003306EB /* Post */ = {
			isa = PBXGroup;
			children = (
				B15C97732E3865CF003306EB /* PostListView.swift */,
				B15C97742E3865CF003306EB /* PostView.swift */,
				B15C97752E3865CF003306EB /* PromptView.swift */,
				B15C97762E3865CF003306EB /* WritePostView.swift */,
			);
			path = Post;
			sourceTree = "<group>";
		};
		B15C977A2E3865CF003306EB /* User */ = {
			isa = PBXGroup;
			children = (
				B15C97782E3865CF003306EB /* SignInView.swift */,
				B15C97792E3865CF003306EB /* UserProfileView.swift */,
			);
			path = User;
			sourceTree = "<group>";
		};
		B15C977B2E3865CF003306EB /* Views */ = {
			isa = PBXGroup;
			children = (
				B15C97702E3865CF003306EB /* Components */,
				B15C97722E3865CF003306EB /* Main */,
				B15C97772E3865CF003306EB /* Post */,
				B15C977A2E3865CF003306EB /* User */,
			);
			name = Views;
			path = myMuse/Views;
			sourceTree = SOURCE_ROOT;
		};
		FE07F0D42AFEF84E0030130B /* Models */ = {
			isa = PBXGroup;
			children = (
				FE07F0D52AFEF8920030130B /* PostStruct.swift */,
				FE07F0D72AFEFDC80030130B /* Model.swift */,
			);
			path = Models;
			sourceTree = "<group>";
		};
		FE2946E62ADB85C300FE2EEF /* Frameworks */ = {
			isa = PBXGroup;
			children = (
				FE2946E72ADB85C300FE2EEF /* CloudKit.framework */,
			);
			name = Frameworks;
			sourceTree = "<group>";
		};
		FE7C9AFB2AD0B137004A134C = {
			isa = PBXGroup;
			children = (
				FE7C9B062AD0B137004A134C /* myMuse */,
				FE7C9B172AD0B13A004A134C /* myMuseTests */,
				FE7C9B212AD0B13A004A134C /* myMuseUITests */,
				FE7C9B052AD0B137004A134C /* Products */,
				FE2946E62ADB85C300FE2EEF /* Frameworks */,
			);
			sourceTree = "<group>";
		};
		FE7C9B052AD0B137004A134C /* Products */ = {
			isa = PBXGroup;
			children = (
				FE7C9B042AD0B137004A134C /* myMuse.app */,
				FE7C9B142AD0B13A004A134C /* myMuseTests.xctest */,
				FE7C9B1E2AD0B13A004A134C /* myMuseUITests.xctest */,
			);
			name = Products;
			sourceTree = "<group>";
		};
		FE7C9B062AD0B137004A134C /* myMuse */ = {
			isa = PBXGroup;
			children = (
				FE9C09B62AF6A7980099175A /* Info.plist */,
				FE2946E52ADB85B800FE2EEF /* myMuse.entitlements */,
				B15C97602E386597003306EB /* App */,
				FE1956EC2AEB8284005DF101 /* database.swift */,
				B15C97642E3865B3003306EB /* Managers */,
				FEBE966B2C2F4F7D00D02ECD /* workbook.swift */,
				B15C977B2E3865CF003306EB /* Views */,
				B15C976C2E3865C6003306EB /* ViewModels */,
				FE07F0D42AFEF84E0030130B /* Models */,
				FE7C9B0B2AD0B139004A134C /* Assets.xcassets */,
				FE7C9B0D2AD0B139004A134C /* Preview Content */,
			);
			path = myMuse;
			sourceTree = "<group>";
		};
		FE7C9B0D2AD0B139004A134C /* Preview Content */ = {
			isa = PBXGroup;
			children = (
				FE7C9B0E2AD0B139004A134C /* Preview Assets.xcassets */,
			);
			path = "Preview Content";
			sourceTree = "<group>";
		};
		FE7C9B172AD0B13A004A134C /* myMuseTests */ = {
			isa = PBXGroup;
			children = (
				FE7C9B182AD0B13A004A134C /* myMuseTests.swift */,
			);
			path = myMuseTests;
			sourceTree = "<group>";
		};
		FE7C9B212AD0B13A004A134C /* myMuseUITests */ = {
			isa = PBXGroup;
			children = (
				FE7C9B222AD0B13A004A134C /* myMuseUITests.swift */,
				FE7C9B242AD0B13A004A134C /* myMuseUITestsLaunchTests.swift */,
			);
			path = myMuseUITests;
			sourceTree = "<group>";
		};
/* End PBXGroup section */

/* Begin PBXNativeTarget section */
		FE7C9B032AD0B137004A134C /* myMuse */ = {
			isa = PBXNativeTarget;
			buildConfigurationList = FE7C9B282AD0B13A004A134C /* Build configuration list for PBXNativeTarget "myMuse" */;
			buildPhases = (
				FE7C9B002AD0B137004A134C /* Sources */,
				FE7C9B012AD0B137004A134C /* Frameworks */,
				FE7C9B022AD0B137004A134C /* Resources */,
			);
			buildRules = (
			);
			dependencies = (
			);
			name = myMuse;
			productName = myMuse;
			productReference = FE7C9B042AD0B137004A134C /* myMuse.app */;
			productType = "com.apple.product-type.application";
		};
		FE7C9B132AD0B13A004A134C /* myMuseTests */ = {
			isa = PBXNativeTarget;
			buildConfigurationList = FE7C9B2B2AD0B13A004A134C /* Build configuration list for PBXNativeTarget "myMuseTests" */;
			buildPhases = (
				FE7C9B102AD0B13A004A134C /* Sources */,
				FE7C9B112AD0B13A004A134C /* Frameworks */,
				FE7C9B122AD0B13A004A134C /* Resources */,
			);
			buildRules = (
			);
			dependencies = (
				FE7C9B162AD0B13A004A134C /* PBXTargetDependency */,
			);
			name = myMuseTests;
			productName = myMuseTests;
			productReference = FE7C9B142AD0B13A004A134C /* myMuseTests.xctest */;
			productType = "com.apple.product-type.bundle.unit-test";
		};
		FE7C9B1D2AD0B13A004A134C /* myMuseUITests */ = {
			isa = PBXNativeTarget;
			buildConfigurationList = FE7C9B2E2AD0B13A004A134C /* Build configuration list for PBXNativeTarget "myMuseUITests" */;
			buildPhases = (
				FE7C9B1A2AD0B13A004A134C /* Sources */,
				FE7C9B1B2AD0B13A004A134C /* Frameworks */,
				FE7C9B1C2AD0B13A004A134C /* Resources */,
			);
			buildRules = (
			);
			dependencies = (
				FE7C9B202AD0B13A004A134C /* PBXTargetDependency */,
			);
			name = myMuseUITests;
			productName = myMuseUITests;
			productReference = FE7C9B1E2AD0B13A004A134C /* myMuseUITests.xctest */;
			productType = "com.apple.product-type.bundle.ui-testing";
		};
/* End PBXNativeTarget section */

/* Begin PBXProject section */
		FE7C9AFC2AD0B137004A134C /* Project object */ = {
			isa = PBXProject;
			attributes = {
				BuildIndependentTargetsInParallel = 1;
				LastSwiftUpdateCheck = 1320;
				LastUpgradeCheck = 1320;
				TargetAttributes = {
					FE7C9B032AD0B137004A134C = {
						CreatedOnToolsVersion = 13.2.1;
					};
					FE7C9B132AD0B13A004A134C = {
						CreatedOnToolsVersion = 13.2.1;
						TestTargetID = FE7C9B032AD0B137004A134C;
					};
					FE7C9B1D2AD0B13A004A134C = {
						CreatedOnToolsVersion = 13.2.1;
						TestTargetID = FE7C9B032AD0B137004A134C;
					};
				};
			};
			buildConfigurationList = FE7C9AFF2AD0B137004A134C /* Build configuration list for PBXProject "myMuse" */;
			compatibilityVersion = "Xcode 13.0";
			developmentRegion = en;
			hasScannedForEncodings = 0;
			knownRegions = (
				en,
				Base,
			);
			mainGroup = FE7C9AFB2AD0B137004A134C;
			productRefGroup = FE7C9B052AD0B137004A134C /* Products */;
			projectDirPath = "";
			projectRoot = "";
			targets = (
				FE7C9B032AD0B137004A134C /* myMuse */,
				FE7C9B132AD0B13A004A134C /* myMuseTests */,
				FE7C9B1D2AD0B13A004A134C /* myMuseUITests */,
			);
		};
/* End PBXProject section */

/* Begin PBXResourcesBuildPhase section */
		FE7C9B022AD0B137004A134C /* Resources */ = {
			isa = PBXResourcesBuildPhase;
			buildActionMask = 2147483647;
			files = (
				FE7C9B0F2AD0B139004A134C /* Preview Assets.xcassets in Resources */,
				FE7C9B0C2AD0B139004A134C /* Assets.xcassets in Resources */,
			);
			runOnlyForDeploymentPostprocessing = 0;
		};
		FE7C9B122AD0B13A004A134C /* Resources */ = {
			isa = PBXResourcesBuildPhase;
			buildActionMask = 2147483647;
			files = (
			);
			runOnlyForDeploymentPostprocessing = 0;
		};
		FE7C9B1C2AD0B13A004A134C /* Resources */ = {
			isa = PBXResourcesBuildPhase;
			buildActionMask = 2147483647;
			files = (
			);
			runOnlyForDeploymentPostprocessing = 0;
		};
/* End PBXResourcesBuildPhase section */

/* Begin PBXSourcesBuildPhase section */
		FE7C9B002AD0B137004A134C /* Sources */ = {
			isa = PBXSourcesBuildPhase;
			buildActionMask = 2147483647;
			files = (
				B15C97842E3865CF003306EB /* SignInView.swift in Sources */,
				FEBE966C2C2F4F7D00D02ECD /* workbook.swift in Sources */,
				B15C977E2E3865CF003306EB /* ProfileImageView.swift in Sources */,
				FE1956ED2AEB8284005DF101 /* database.swift in Sources */,
				B15C97662E3865B3003306EB /* ColorsManager.swift in Sources */,
				B15C97852E3865CF003306EB /* UserProfileView.swift in Sources */,
				B15C97652E3865B3003306EB /* CloudKitManager.swift in Sources */,
				FE07F0D82AFEFDC80030130B /* Model.swift in Sources */,
				B15C97612E386597003306EB /* myMuseApp.swift in Sources */,
				B15C977C2E3865CF003306EB /* HeaderView.swift in Sources */,
				B15C97822E3865CF003306EB /* PromptView.swift in Sources */,
				B15C977D2E3865CF003306EB /* NavBarView.swift in Sources */,
				B15C977F2E3865CF003306EB /* ContentView.swift in Sources */,
				FE07F0D62AFEF8920030130B /* PostStruct.swift in Sources */,
				B15C97832E3865CF003306EB /* WritePostView.swift in Sources */,
				B15C97812E3865CF003306EB /* PostView.swift in Sources */,
				B15C97802E3865CF003306EB /* PostListView.swift in Sources */,
			);
			runOnlyForDeploymentPostprocessing = 0;
		};
		FE7C9B102AD0B13A004A134C /* Sources */ = {
			isa = PBXSourcesBuildPhase;
			buildActionMask = 2147483647;
			files = (
				FE7C9B192AD0B13A004A134C /* myMuseTests.swift in Sources */,
			);
			runOnlyForDeploymentPostprocessing = 0;
		};
		FE7C9B1A2AD0B13A004A134C /* Sources */ = {
			isa = PBXSourcesBuildPhase;
			buildActionMask = 2147483647;
			files = (
				FE7C9B252AD0B13A004A134C /* myMuseUITestsLaunchTests.swift in Sources */,
				FE7C9B232AD0B13A004A134C /* myMuseUITests.swift in Sources */,
			);
			runOnlyForDeploymentPostprocessing = 0;
		};
/* End PBXSourcesBuildPhase section */

/* Begin PBXTargetDependency section */
		FE7C9B162AD0B13A004A134C /* PBXTargetDependency */ = {
			isa = PBXTargetDependency;
			target = FE7C9B032AD0B137004A134C /* myMuse */;
			targetProxy = FE7C9B152AD0B13A004A134C /* PBXContainerItemProxy */;
		};
		FE7C9B202AD0B13A004A134C /* PBXTargetDependency */ = {
			isa = PBXTargetDependency;
			target = FE7C9B032AD0B137004A134C /* myMuse */;
			targetProxy = FE7C9B1F2AD0B13A004A134C /* PBXContainerItemProxy */;
		};
/* End PBXTargetDependency section */

/* Begin XCBuildConfiguration section */
		FE7C9B262AD0B13A004A134C /* Debug */ = {
			isa = XCBuildConfiguration;
			buildSettings = {
				ALWAYS_SEARCH_USER_PATHS = NO;
				CLANG_ANALYZER_NONNULL = YES;
				CLANG_ANALYZER_NUMBER_OBJECT_CONVERSION = YES_AGGRESSIVE;
				CLANG_CXX_LANGUAGE_STANDARD = "gnu++17";
				CLANG_CXX_LIBRARY = "libc++";
				CLANG_ENABLE_MODULES = YES;
				CLANG_ENABLE_OBJC_ARC = YES;
				CLANG_ENABLE_OBJC_WEAK = YES;
				CLANG_WARN_BLOCK_CAPTURE_AUTORELEASING = YES;
				CLANG_WARN_BOOL_CONVERSION = YES;
				CLANG_WARN_COMMA = YES;
				CLANG_WARN_CONSTANT_CONVERSION = YES;
				CLANG_WARN_DEPRECATED_OBJC_IMPLEMENTATIONS = YES;
				CLANG_WARN_DIRECT_OBJC_ISA_USAGE = YES_ERROR;
				CLANG_WARN_DOCUMENTATION_COMMENTS = YES;
				CLANG_WARN_EMPTY_BODY = YES;
				CLANG_WARN_ENUM_CONVERSION = YES;
				CLANG_WARN_INFINITE_RECURSION = YES;
				CLANG_WARN_INT_CONVERSION = YES;
				CLANG_WARN_NON_LITERAL_NULL_CONVERSION = YES;
				CLANG_WARN_OBJC_IMPLICIT_RETAIN_SELF = YES;
				CLANG_WARN_OBJC_LITERAL_CONVERSION = YES;
				CLANG_WARN_OBJC_ROOT_CLASS = YES_ERROR;
				CLANG_WARN_QUOTED_INCLUDE_IN_FRAMEWORK_HEADER = YES;
				CLANG_WARN_RANGE_LOOP_ANALYSIS = YES;
				CLANG_WARN_STRICT_PROTOTYPES = YES;
				CLANG_WARN_SUSPICIOUS_MOVE = YES;
				CLANG_WARN_UNGUARDED_AVAILABILITY = YES_AGGRESSIVE;
				CLANG_WARN_UNREACHABLE_CODE = YES;
				CLANG_WARN__DUPLICATE_METHOD_MATCH = YES;
				COPY_PHASE_STRIP = NO;
				DEBUG_INFORMATION_FORMAT = dwarf;
				ENABLE_STRICT_OBJC_MSGSEND = YES;
				ENABLE_TESTABILITY = YES;
				GCC_C_LANGUAGE_STANDARD = gnu11;
				GCC_DYNAMIC_NO_PIC = NO;
				GCC_NO_COMMON_BLOCKS = YES;
				GCC_OPTIMIZATION_LEVEL = 0;
				GCC_PREPROCESSOR_DEFINITIONS = (
					"DEBUG=1",
					"$(inherited)",
				);
				GCC_WARN_64_TO_32_BIT_CONVERSION = YES;
				GCC_WARN_ABOUT_RETURN_TYPE = YES_ERROR;
				GCC_WARN_UNDECLARED_SELECTOR = YES;
				GCC_WARN_UNINITIALIZED_AUTOS = YES_AGGRESSIVE;
				GCC_WARN_UNUSED_FUNCTION = YES;
				GCC_WARN_UNUSED_VARIABLE = YES;
				IPHONEOS_DEPLOYMENT_TARGET = 15.2;
				MTL_ENABLE_DEBUG_INFO = INCLUDE_SOURCE;
				MTL_FAST_MATH = YES;
				ONLY_ACTIVE_ARCH = YES;
				SDKROOT = iphoneos;
				SWIFT_ACTIVE_COMPILATION_CONDITIONS = DEBUG;
				SWIFT_OPTIMIZATION_LEVEL = "-Onone";
			};
			name = Debug;
		};
		FE7C9B272AD0B13A004A134C /* Release */ = {
			isa = XCBuildConfiguration;
			buildSettings = {
				ALWAYS_SEARCH_USER_PATHS = NO;
				CLANG_ANALYZER_NONNULL = YES;
				CLANG_ANALYZER_NUMBER_OBJECT_CONVERSION = YES_AGGRESSIVE;
				CLANG_CXX_LANGUAGE_STANDARD = "gnu++17";
				CLANG_CXX_LIBRARY = "libc++";
				CLANG_ENABLE_MODULES = YES;
				CLANG_ENABLE_OBJC_ARC = YES;
				CLANG_ENABLE_OBJC_WEAK = YES;
				CLANG_WARN_BLOCK_CAPTURE_AUTORELEASING = YES;
				CLANG_WARN_BOOL_CONVERSION = YES;
				CLANG_WARN_COMMA = YES;
				CLANG_WARN_CONSTANT_CONVERSION = YES;
				CLANG_WARN_DEPRECATED_OBJC_IMPLEMENTATIONS = YES;
				CLANG_WARN_DIRECT_OBJC_ISA_USAGE = YES_ERROR;
				CLANG_WARN_DOCUMENTATION_COMMENTS = YES;
				CLANG_WARN_EMPTY_BODY = YES;
				CLANG_WARN_ENUM_CONVERSION = YES;
				CLANG_WARN_INFINITE_RECURSION = YES;
				CLANG_WARN_INT_CONVERSION = YES;
				CLANG_WARN_NON_LITERAL_NULL_CONVERSION = YES;
				CLANG_WARN_OBJC_IMPLICIT_RETAIN_SELF = YES;
				CLANG_WARN_OBJC_LITERAL_CONVERSION = YES;
				CLANG_WARN_OBJC_ROOT_CLASS = YES_ERROR;
				CLANG_WARN_QUOTED_INCLUDE_IN_FRAMEWORK_HEADER = YES;
				CLANG_WARN_RANGE_LOOP_ANALYSIS = YES;
				CLANG_WARN_STRICT_PROTOTYPES = YES;
				CLANG_WARN_SUSPICIOUS_MOVE = YES;
				CLANG_WARN_UNGUARDED_AVAILABILITY = YES_AGGRESSIVE;
				CLANG_WARN_UNREACHABLE_CODE = YES;
				CLANG_WARN__DUPLICATE_METHOD_MATCH = YES;
				COPY_PHASE_STRIP = NO;
				DEBUG_INFORMATION_FORMAT = "dwarf-with-dsym";
				ENABLE_NS_ASSERTIONS = NO;
				ENABLE_STRICT_OBJC_MSGSEND = YES;
				GCC_C_LANGUAGE_STANDARD = gnu11;
				GCC_NO_COMMON_BLOCKS = YES;
				GCC_WARN_64_TO_32_BIT_CONVERSION = YES;
				GCC_WARN_ABOUT_RETURN_TYPE = YES_ERROR;
				GCC_WARN_UNDECLARED_SELECTOR = YES;
				GCC_WARN_UNINITIALIZED_AUTOS = YES_AGGRESSIVE;
				GCC_WARN_UNUSED_FUNCTION = YES;
				GCC_WARN_UNUSED_VARIABLE = YES;
				IPHONEOS_DEPLOYMENT_TARGET = 15.2;
				MTL_ENABLE_DEBUG_INFO = NO;
				MTL_FAST_MATH = YES;
				SDKROOT = iphoneos;
				SWIFT_COMPILATION_MODE = wholemodule;
				SWIFT_OPTIMIZATION_LEVEL = "-O";
				VALIDATE_PRODUCT = YES;
			};
			name = Release;
		};
		FE7C9B292AD0B13A004A134C /* Debug */ = {
			isa = XCBuildConfiguration;
			buildSettings = {
				ASSETCATALOG_COMPILER_APPICON_NAME = AppIcon;
				ASSETCATALOG_COMPILER_GLOBAL_ACCENT_COLOR_NAME = AccentColor;
				CODE_SIGN_ENTITLEMENTS = myMuse/myMuse.entitlements;
				CODE_SIGN_STYLE = Automatic;
				CURRENT_PROJECT_VERSION = 1;
				DEVELOPMENT_ASSET_PATHS = "\"myMuse/Preview Content\"";
				DEVELOPMENT_TEAM = 7WF7JMYH94;
				ENABLE_PREVIEWS = YES;
				GENERATE_INFOPLIST_FILE = YES;
				INFOPLIST_FILE = myMuse/Info.plist;
				INFOPLIST_KEY_UIApplicationSceneManifest_Generation = YES;
				INFOPLIST_KEY_UIApplicationSupportsIndirectInputEvents = YES;
				INFOPLIST_KEY_UILaunchScreen_Generation = YES;
				INFOPLIST_KEY_UISupportedInterfaceOrientations_iPad = "UIInterfaceOrientationPortrait UIInterfaceOrientationPortraitUpsideDown UIInterfaceOrientationLandscapeLeft UIInterfaceOrientationLandscapeRight";
				INFOPLIST_KEY_UISupportedInterfaceOrientations_iPhone = "UIInterfaceOrientationPortrait UIInterfaceOrientationLandscapeLeft UIInterfaceOrientationLandscapeRight";
				LD_RUNPATH_SEARCH_PATHS = (
					"$(inherited)",
					"@executable_path/Frameworks",
				);
				MARKETING_VERSION = 0.1;
				PRODUCT_BUNDLE_IDENTIFIER = tucker.myMuse;
				PRODUCT_NAME = "$(TARGET_NAME)";
				SWIFT_EMIT_LOC_STRINGS = YES;
				SWIFT_VERSION = 5.0;
				TARGETED_DEVICE_FAMILY = "1,2";
			};
			name = Debug;
		};
		FE7C9B2A2AD0B13A004A134C /* Release */ = {
			isa = XCBuildConfiguration;
			buildSettings = {
				ASSETCATALOG_COMPILER_APPICON_NAME = AppIcon;
				ASSETCATALOG_COMPILER_GLOBAL_ACCENT_COLOR_NAME = AccentColor;
				CODE_SIGN_ENTITLEMENTS = myMuse/myMuse.entitlements;
				CODE_SIGN_STYLE = Automatic;
				CURRENT_PROJECT_VERSION = 1;
				DEVELOPMENT_ASSET_PATHS = "\"myMuse/Preview Content\"";
				DEVELOPMENT_TEAM = 7WF7JMYH94;
				ENABLE_PREVIEWS = YES;
				GENERATE_INFOPLIST_FILE = YES;
				INFOPLIST_FILE = myMuse/Info.plist;
				INFOPLIST_KEY_UIApplicationSceneManifest_Generation = YES;
				INFOPLIST_KEY_UIApplicationSupportsIndirectInputEvents = YES;
				INFOPLIST_KEY_UILaunchScreen_Generation = YES;
				INFOPLIST_KEY_UISupportedInterfaceOrientations_iPad = "UIInterfaceOrientationPortrait UIInterfaceOrientationPortraitUpsideDown UIInterfaceOrientationLandscapeLeft UIInterfaceOrientationLandscapeRight";
				INFOPLIST_KEY_UISupportedInterfaceOrientations_iPhone = "UIInterfaceOrientationPortrait UIInterfaceOrientationLandscapeLeft UIInterfaceOrientationLandscapeRight";
				LD_RUNPATH_SEARCH_PATHS = (
					"$(inherited)",
					"@executable_path/Frameworks",
				);
				MARKETING_VERSION = 0.1;
				PRODUCT_BUNDLE_IDENTIFIER = tucker.myMuse;
				PRODUCT_NAME = "$(TARGET_NAME)";
				SWIFT_EMIT_LOC_STRINGS = YES;
				SWIFT_VERSION = 5.0;
				TARGETED_DEVICE_FAMILY = "1,2";
			};
			name = Release;
		};
		FE7C9B2C2AD0B13A004A134C /* Debug */ = {
			isa = XCBuildConfiguration;
			buildSettings = {
				ALWAYS_EMBED_SWIFT_STANDARD_LIBRARIES = YES;
				BUNDLE_LOADER = "$(TEST_HOST)";
				CODE_SIGN_STYLE = Automatic;
				CURRENT_PROJECT_VERSION = 1;
				GENERATE_INFOPLIST_FILE = YES;
				IPHONEOS_DEPLOYMENT_TARGET = 15.2;
				MARKETING_VERSION = 1.0;
				PRODUCT_BUNDLE_IDENTIFIER = tucker.myMuseTests;
				PRODUCT_NAME = "$(TARGET_NAME)";
				SWIFT_EMIT_LOC_STRINGS = NO;
				SWIFT_VERSION = 5.0;
				TARGETED_DEVICE_FAMILY = "1,2";
				TEST_HOST = "$(BUILT_PRODUCTS_DIR)/myMuse.app/myMuse";
			};
			name = Debug;
		};
		FE7C9B2D2AD0B13A004A134C /* Release */ = {
			isa = XCBuildConfiguration;
			buildSettings = {
				ALWAYS_EMBED_SWIFT_STANDARD_LIBRARIES = YES;
				BUNDLE_LOADER = "$(TEST_HOST)";
				CODE_SIGN_STYLE = Automatic;
				CURRENT_PROJECT_VERSION = 1;
				GENERATE_INFOPLIST_FILE = YES;
				IPHONEOS_DEPLOYMENT_TARGET = 15.2;
				MARKETING_VERSION = 1.0;
				PRODUCT_BUNDLE_IDENTIFIER = tucker.myMuseTests;
				PRODUCT_NAME = "$(TARGET_NAME)";
				SWIFT_EMIT_LOC_STRINGS = NO;
				SWIFT_VERSION = 5.0;
				TARGETED_DEVICE_FAMILY = "1,2";
				TEST_HOST = "$(BUILT_PRODUCTS_DIR)/myMuse.app/myMuse";
			};
			name = Release;
		};
		FE7C9B2F2AD0B13A004A134C /* Debug */ = {
			isa = XCBuildConfiguration;
			buildSettings = {
				ALWAYS_EMBED_SWIFT_STANDARD_LIBRARIES = YES;
				CODE_SIGN_STYLE = Automatic;
				CURRENT_PROJECT_VERSION = 1;
				GENERATE_INFOPLIST_FILE = YES;
				MARKETING_VERSION = 1.0;
				PRODUCT_BUNDLE_IDENTIFIER = tucker.myMuseUITests;
				PRODUCT_NAME = "$(TARGET_NAME)";
				SWIFT_EMIT_LOC_STRINGS = NO;
				SWIFT_VERSION = 5.0;
				TARGETED_DEVICE_FAMILY = "1,2";
				TEST_TARGET_NAME = myMuse;
			};
			name = Debug;
		};
		FE7C9B302AD0B13A004A134C /* Release */ = {
			isa = XCBuildConfiguration;
			buildSettings = {
				ALWAYS_EMBED_SWIFT_STANDARD_LIBRARIES = YES;
				CODE_SIGN_STYLE = Automatic;
				CURRENT_PROJECT_VERSION = 1;
				GENERATE_INFOPLIST_FILE = YES;
				MARKETING_VERSION = 1.0;
				PRODUCT_BUNDLE_IDENTIFIER = tucker.myMuseUITests;
				PRODUCT_NAME = "$(TARGET_NAME)";
				SWIFT_EMIT_LOC_STRINGS = NO;
				SWIFT_VERSION = 5.0;
				TARGETED_DEVICE_FAMILY = "1,2";
				TEST_TARGET_NAME = myMuse;
			};
			name = Release;
		};
/* End XCBuildConfiguration section */

/* Begin XCConfigurationList section */
		FE7C9AFF2AD0B137004A134C /* Build configuration list for PBXProject "myMuse" */ = {
			isa = XCConfigurationList;
			buildConfigurations = (
				FE7C9B262AD0B13A004A134C /* Debug */,
				FE7C9B272AD0B13A004A134C /* Release */,
			);
			defaultConfigurationIsVisible = 0;
			defaultConfigurationName = Release;
		};
		FE7C9B282AD0B13A004A134C /* Build configuration list for PBXNativeTarget "myMuse" */ = {
			isa = XCConfigurationList;
			buildConfigurations = (
				FE7C9B292AD0B13A004A134C /* Debug */,
				FE7C9B2A2AD0B13A004A134C /* Release */,
			);
			defaultConfigurationIsVisible = 0;
			defaultConfigurationName = Release;
		};
		FE7C9B2B2AD0B13A004A134C /* Build configuration list for PBXNativeTarget "myMuseTests" */ = {
			isa = XCConfigurationList;
			buildConfigurations = (
				FE7C9B2C2AD0B13A004A134C /* Debug */,
				FE7C9B2D2AD0B13A004A134C /* Release */,
			);
			defaultConfigurationIsVisible = 0;
			defaultConfigurationName = Release;
		};
		FE7C9B2E2AD0B13A004A134C /* Build configuration list for PBXNativeTarget "myMuseUITests" */ = {
			isa = XCConfigurationList;
			buildConfigurations = (
				FE7C9B2F2AD0B13A004A134C /* Debug */,
				FE7C9B302AD0B13A004A134C /* Release */,
			);
			defaultConfigurationIsVisible = 0;
			defaultConfigurationName = Release;
		};
/* End XCConfigurationList section */
	};
	rootObject = FE7C9AFC2AD0B137004A134C /* Project object */;
}
